{
  "name": "sportzi",
  "version": "0.0.1",
  "lockfileVersion": 1,
  "requires": true,
  "dependencies": {
    "tzi": {
      "version": "0.3.6",
      "resolved": "https://registry.npmjs.org/tzi/-/tzi-0.3.6.tgz",
      "integrity": "sha512-//SuCkJLTnyCDslTC8BQ+50Lw3G4Newh07OuJ/PMbPqe/Yrx4+UEoojKajrmAIrwh4acb565V0WNO5anQ/albw=="
    }
  }
}
